Microsoft Visual Studio Solution File, Format Version 11.00
# Visual Studio 2008

Project("{130FDEB8-2B06-B1DF-70DB-9F8390D33E21}") = "2d ArrowShooter", "Assembly-CSharp-firstpass.csproj", "{DCE83E4B-E0EB-91AB-5B8E-31C89A38E568}"
EndProject
Project("{130FDEB8-2B06-B1DF-70DB-9F8390D33E21}") = "2d ArrowShooter", "Assembly-CSharp.csproj", "{A4BBD78B-B73E-CFF5-3D15-D28A669709B6}"
EndProject
Project("{130FDEB8-2B06-B1DF-70DB-9F8390D33E21}") = "2d ArrowShooter", "Assembly-CSharp-Editor.csproj", "{B1F60870-F827-81FA-F925-6156A315E2A3}"
EndProject
Project("{130FDEB8-2B06-B1DF-70DB-9F8390D33E21}") = "2d ArrowShooter", "Assembly-UnityScript.unityproj", "{B433BD9F-F916-477E-E9B6-E446A57D9C6A}"
EndProject
Global
	GlobalSection(SolutionConfigurationPlatforms) = preSolution
		Debug|Any CPU = Debug|Any CPU
		Release|Any CPU = Release|Any CPU
	EndGlobalSection
	GlobalSection(ProjectConfigurationPlatforms) = postSolution
		{DCE83E4B-E0EB-91AB-5B8E-31C89A38E568}.Debug|Any CPU.ActiveCfg = Debug|Any CPU
		{DCE83E4B-E0EB-91AB-5B8E-31C89A38E568}.Debug|Any CPU.Build.0 = Debug|Any CPU
		{DCE83E4B-E0EB-91AB-5B8E-31C89A38E568}.Release|Any CPU.ActiveCfg = Release|Any CPU
		{DCE83E4B-E0EB-91AB-5B8E-31C89A38E568}.Release|Any CPU.Build.0 = Release|Any CPU
		{A4BBD78B-B73E-CFF5-3D15-D28A669709B6}.Debug|Any CPU.ActiveCfg = Debug|Any CPU
		{A4BBD78B-B73E-CFF5-3D15-D28A669709B6}.Debug|Any CPU.Build.0 = Debug|Any CPU
		{A4BBD78B-B73E-CFF5-3D15-D28A669709B6}.Release|Any CPU.ActiveCfg = Release|Any CPU
		{A4BBD78B-B73E-CFF5-3D15-D28A669709B6}.Release|Any CPU.Build.0 = Release|Any CPU
		{B1F60870-F827-81FA-F925-6156A315E2A3}.Debug|Any CPU.ActiveCfg = Debug|Any CPU
		{B1F60870-F827-81FA-F925-6156A315E2A3}.Debug|Any CPU.Build.0 = Debug|Any CPU
		{B1F60870-F827-81FA-F925-6156A315E2A3}.Release|Any CPU.ActiveCfg = Release|Any CPU
		{B1F60870-F827-81FA-F925-6156A315E2A3}.Release|Any CPU.Build.0 = Release|Any CPU
		{B433BD9F-F916-477E-E9B6-E446A57D9C6A}.Debug|Any CPU.ActiveCfg = Debug|Any CPU
		{B433BD9F-F916-477E-E9B6-E446A57D9C6A}.Debug|Any CPU.Build.0 = Debug|Any CPU
		{B433BD9F-F916-477E-E9B6-E446A57D9C6A}.Release|Any CPU.ActiveCfg = Release|Any CPU
		{B433BD9F-F916-477E-E9B6-E446A57D9C6A}.Release|Any CPU.Build.0 = Release|Any CPU
	EndGlobalSection
	GlobalSection(SolutionProperties) = preSolution
		HideSolutionNode = FALSE
	EndGlobalSection
																																				GlobalSection(MonoDevelopProperties) = preSolution
		StartupItem = Assembly-CSharp.csproj
		Policies = $0
		$0.TextStylePolicy = $1
		$1.inheritsSet = null
		$1.scope = text/x-csharp
		$0.CSharpFormattingPolicy = $2
		$2.inheritsSet = Mono
		$2.inheritsScope = text/x-csharp
		$2.scope = text/x-csharp
		$0.TextStylePolicy = $3
		$3.FileWidth = 120
		$3.TabWidth = 4
		$3.IndentWidth = 4
		$3.EolMarker = Unix
		$3.inheritsSet = Mono
		$3.inheritsScope = text/plain
		$3.scope = text/plain
	EndGlobalSection

EndGlobal
